
Microsoft Visual Studio Solution File, Format Version 12.00
# Visual Studio Version 17
VisualStudioVersion = 17.10.34928.147
MinimumVisualStudioVersion = 10.0.40219.1
Project("{FAE04EC0-301F-11D3-BF4B-00C04F79EFBC}") = "Issie_Tracking", "Issie_Tracking.csproj", "{11E691F8-DC7B-4418-876E-12BC1B1A4110}"
EndProject
Global
	GlobalSection(SolutionConfigurationPlatforms) = preSolution
		Debug|Any CPU = Debug|Any CPU
		Release|Any CPU = Release|Any CPU
	EndGlobalSection
	GlobalSection(ProjectConfigurationPlatforms) = postSolution
		{11E691F8-DC7B-4418-876E-12BC1B1A4110}.Debug|Any CPU.ActiveCfg = Debug|Any CPU
		{11E691F8-DC7B-4418-876E-12BC1B1A4110}.Debug|Any CPU.Build.0 = Debug|Any CPU
		{11E691F8-DC7B-4418-876E-12BC1B1A4110}.Release|Any CPU.ActiveCfg = Release|Any CPU
		{11E691F8-DC7B-4418-876E-12BC1B1A4110}.Release|Any CPU.Build.0 = Release|Any CPU
	EndGlobalSection
	GlobalSection(SolutionProperties) = preSolution
		HideSolutionNode = FALSE
	EndGlobalSection
	GlobalSection(ExtensibilityGlobals) = postSolution
		SolutionGuid = {F089102D-33E5-48DD-9C46-E4BB19A3200C}
	EndGlobalSection
EndGlobal
